
Microsoft Visual Studio Solution File, Format Version 9.00
# Visual Studio 2005
Project("{FAE04EC0-301F-11D3-BF4B-00C04F79EFBC}") = "NetExec", "NetExec\NetExec.csproj", "{2CC68BA1-EBC4-49BC-BE9D-9DD86D6E8122}"
EndProject
Global
	GlobalSection(SolutionConfigurationPlatforms) = preSolution
		Debug|Any CPU = Debug|Any CPU
		Release|Any CPU = Release|Any CPU
	EndGlobalSection
	GlobalSection(ProjectConfigurationPlatforms) = postSolution
		{2CC68BA1-EBC4-49BC-BE9D-9DD86D6E8122}.Debug|Any CPU.ActiveCfg = Debug|Any CPU
		{2CC68BA1-EBC4-49BC-BE9D-9DD86D6E8122}.Debug|Any CPU.Build.0 = Debug|Any CPU
		{2CC68BA1-EBC4-49BC-BE9D-9DD86D6E8122}.Release|Any CPU.ActiveCfg = Release|Any CPU
		{2CC68BA1-EBC4-49BC-BE9D-9DD86D6E8122}.Release|Any CPU.Build.0 = Release|Any CPU
	EndGlobalSection
	GlobalSection(SolutionProperties) = preSolution
		HideSolutionNode = FALSE
	EndGlobalSection
EndGlobal
